{
  "originHash" : "6d93eef7f185265287407f1a79f9d362ba8aca5337ba93bf0cb8a255a80e6606",
  "pins" : [
    {
      "identity" : "logmanager",
      "kind" : "remoteSourceControl",
      "location" : "https://github.com/Appracatappra/LogManager",
      "state" : {
        "revision" : "bf916fa61fd3d3f006bcede8e9ca2d4910279478",
        "version" : "2.0.0"
      }
    },
    {
      "identity" : "swiftletutilities",
      "kind" : "remoteSourceControl",
      "location" : "https://github.com/Appracatappra/SwiftletUtilities",
      "state" : {
        "revision" : "b3564b394c7d81f02c8f62e821a38efa62a97d66",
        "version" : "2.0.1"
      }
    }
  ],
  "version" : 3
}
